
Microsoft Visual Studio Solution File, Format Version 12.00
# Visual Studio 15
VisualStudioVersion = 15.0.28010.2019
MinimumVisualStudioVersion = 10.0.40219.1
Project("{FAE04EC0-301F-11D3-BF4B-00C04F79EFBC}") = "MongoSmallSizeDBCopy", "MongoSmallSizeDBCopy\MongoSmallSizeDBCopy.csproj", "{8AE9BBF3-862B-4D85-8A34-9F83EEE44987}"
EndProject
Global
	GlobalSection(SolutionConfigurationPlatforms) = preSolution
		Debug|Any CPU = Debug|Any CPU
		Release|Any CPU = Release|Any CPU
	EndGlobalSection
	GlobalSection(ProjectConfigurationPlatforms) = postSolution
		{8AE9BBF3-862B-4D85-8A34-9F83EEE44987}.Debug|Any CPU.ActiveCfg = Debug|Any CPU
		{8AE9BBF3-862B-4D85-8A34-9F83EEE44987}.Debug|Any CPU.Build.0 = Debug|Any CPU
		{8AE9BBF3-862B-4D85-8A34-9F83EEE44987}.Release|Any CPU.ActiveCfg = Release|Any CPU
		{8AE9BBF3-862B-4D85-8A34-9F83EEE44987}.Release|Any CPU.Build.0 = Release|Any CPU
	EndGlobalSection
	GlobalSection(SolutionProperties) = preSolution
		HideSolutionNode = FALSE
	EndGlobalSection
	GlobalSection(ExtensibilityGlobals) = postSolution
		SolutionGuid = {A72CD704-AFD6-4C27-B789-9C83A37DA1CB}
	EndGlobalSection
EndGlobal
